
Microsoft Visual Studio Solution File, Format Version 12.00
# Visual Studio Version 17
VisualStudioVersion = 17.5.001.0
MinimumVisualStudioVersion = 10.0.40219.1
Project("{9A19103F-16F7-4668-BE54-9A1E7A4F7556}") = "LojaWebMvc", "LojaWebMvc.csproj", "{37E4F920-B547-494D-9ADE-67CFE478584B}"
EndProject
Global
	GlobalSection(SolutionConfigurationPlatforms) = preSolution
		Debug|Any CPU = Debug|Any CPU
		Release|Any CPU = Release|Any CPU
	EndGlobalSection
	GlobalSection(ProjectConfigurationPlatforms) = postSolution
		{37E4F920-B547-494D-9ADE-67CFE478584B}.Debug|Any CPU.ActiveCfg = Debug|Any CPU
		{37E4F920-B547-494D-9ADE-67CFE478584B}.Debug|Any CPU.Build.0 = Debug|Any CPU
		{37E4F920-B547-494D-9ADE-67CFE478584B}.Release|Any CPU.ActiveCfg = Release|Any CPU
		{37E4F920-B547-494D-9ADE-67CFE478584B}.Release|Any CPU.Build.0 = Release|Any CPU
	EndGlobalSection
	GlobalSection(SolutionProperties) = preSolution
		HideSolutionNode = FALSE
	EndGlobalSection
	GlobalSection(ExtensibilityGlobals) = postSolution
		SolutionGuid = {176DCF85-74F9-4BB0-AC8F-A51063541306}
	EndGlobalSection
EndGlobal
